
Microsoft Visual Studio Solution File, Format Version 11.00
# Visual C# Express 2010
Project("{FAE04EC0-301F-11D3-BF4B-00C04F79EFBC}") = "Gab08_Ex06", "Gab08_Ex06\Gab08_Ex06.csproj", "{DA1353BA-941B-45A9-85BC-6CFE4B9F3F57}"
EndProject
Global
	GlobalSection(SolutionConfigurationPlatforms) = preSolution
		Debug|x86 = Debug|x86
		Release|x86 = Release|x86
	EndGlobalSection
	GlobalSection(ProjectConfigurationPlatforms) = postSolution
		{DA1353BA-941B-45A9-85BC-6CFE4B9F3F57}.Debug|x86.ActiveCfg = Debug|x86
		{DA1353BA-941B-45A9-85BC-6CFE4B9F3F57}.Debug|x86.Build.0 = Debug|x86
		{DA1353BA-941B-45A9-85BC-6CFE4B9F3F57}.Release|x86.ActiveCfg = Release|x86
		{DA1353BA-941B-45A9-85BC-6CFE4B9F3F57}.Release|x86.Build.0 = Release|x86
	EndGlobalSection
	GlobalSection(SolutionProperties) = preSolution
		HideSolutionNode = FALSE
	EndGlobalSection
EndGlobal
