
Microsoft Visual Studio Solution File, Format Version 11.00
# Visual C# Express 2010
Project("{FAE04EC0-301F-11D3-BF4B-00C04F79EFBC}") = "Gab08_Ex02", "Gab08_Ex02\Gab08_Ex02.csproj", "{E48477B7-8C94-4095-9830-6261BE0CBC44}"
EndProject
Global
	GlobalSection(SolutionConfigurationPlatforms) = preSolution
		Debug|x86 = Debug|x86
		Release|x86 = Release|x86
	EndGlobalSection
	GlobalSection(ProjectConfigurationPlatforms) = postSolution
		{E48477B7-8C94-4095-9830-6261BE0CBC44}.Debug|x86.ActiveCfg = Debug|x86
		{E48477B7-8C94-4095-9830-6261BE0CBC44}.Debug|x86.Build.0 = Debug|x86
		{E48477B7-8C94-4095-9830-6261BE0CBC44}.Release|x86.ActiveCfg = Release|x86
		{E48477B7-8C94-4095-9830-6261BE0CBC44}.Release|x86.Build.0 = Release|x86
	EndGlobalSection
	GlobalSection(SolutionProperties) = preSolution
		HideSolutionNode = FALSE
	EndGlobalSection
EndGlobal
