
Microsoft Visual Studio Solution File, Format Version 11.00
# Visual C# Express 2010
Project("{FAE04EC0-301F-11D3-BF4B-00C04F79EFBC}") = "Gab06_Ex02", "Gab06_Ex02\Gab06_Ex02.csproj", "{892F1EFD-0A9A-4ED9-8D4C-10C5691444BC}"
EndProject
Global
	GlobalSection(SolutionConfigurationPlatforms) = preSolution
		Debug|x86 = Debug|x86
		Release|x86 = Release|x86
	EndGlobalSection
	GlobalSection(ProjectConfigurationPlatforms) = postSolution
		{892F1EFD-0A9A-4ED9-8D4C-10C5691444BC}.Debug|x86.ActiveCfg = Debug|x86
		{892F1EFD-0A9A-4ED9-8D4C-10C5691444BC}.Debug|x86.Build.0 = Debug|x86
		{892F1EFD-0A9A-4ED9-8D4C-10C5691444BC}.Release|x86.ActiveCfg = Release|x86
		{892F1EFD-0A9A-4ED9-8D4C-10C5691444BC}.Release|x86.Build.0 = Release|x86
	EndGlobalSection
	GlobalSection(SolutionProperties) = preSolution
		HideSolutionNode = FALSE
	EndGlobalSection
EndGlobal
