
Microsoft Visual Studio Solution File, Format Version 11.00
# Visual C# Express 2010
Project("{FAE04EC0-301F-11D3-BF4B-00C04F79EFBC}") = "Gab04_Ex04d", "Gab04_Ex04d\Gab04_Ex04d.csproj", "{982FE719-2B79-4C5D-A03D-6C8CD26EC865}"
EndProject
Global
	GlobalSection(SolutionConfigurationPlatforms) = preSolution
		Debug|x86 = Debug|x86
		Release|x86 = Release|x86
	EndGlobalSection
	GlobalSection(ProjectConfigurationPlatforms) = postSolution
		{982FE719-2B79-4C5D-A03D-6C8CD26EC865}.Debug|x86.ActiveCfg = Debug|x86
		{982FE719-2B79-4C5D-A03D-6C8CD26EC865}.Debug|x86.Build.0 = Debug|x86
		{982FE719-2B79-4C5D-A03D-6C8CD26EC865}.Release|x86.ActiveCfg = Release|x86
		{982FE719-2B79-4C5D-A03D-6C8CD26EC865}.Release|x86.Build.0 = Release|x86
	EndGlobalSection
	GlobalSection(SolutionProperties) = preSolution
		HideSolutionNode = FALSE
	EndGlobalSection
EndGlobal
